
Microsoft Visual Studio Solution File, Format Version 12.00
# Visual Studio 15
VisualStudioVersion = 15.0.27130.2010
MinimumVisualStudioVersion = 10.0.40219.1
Project("{2150E333-8FDC-42A3-9474-1A3956D46DE8}") = "src", "src", "{08B9A68F-A5A7-4C42-AA22-77E68EC5AB59}"
EndProject
Project("{2150E333-8FDC-42A3-9474-1A3956D46DE8}") = "test", "test", "{1641F6AB-6B45-4E5B-8C0D-E5B304FAC0AB}"
EndProject
Project("{9A19103F-16F7-4668-BE54-9A1E7A4F7556}") = "Sharpbrake.Client", "src\Sharpbrake.Client\Sharpbrake.Client.csproj", "{0BA2CC2E-DD85-4033-9803-08C4F233A352}"
EndProject
Project("{9A19103F-16F7-4668-BE54-9A1E7A4F7556}") = "Sharpbrake.Client.Tests", "test\Sharpbrake.Client.Tests\Sharpbrake.Client.Tests.csproj", "{F0A51221-7FD4-4509-B9C0-54B102959060}"
EndProject
Project("{9A19103F-16F7-4668-BE54-9A1E7A4F7556}") = "Sharpbrake.Http.Middleware", "src\Sharpbrake.Http.Middleware\Sharpbrake.Http.Middleware.csproj", "{1846CBF6-2DB4-411F-9FB0-291252886A0A}"
EndProject
Project("{9A19103F-16F7-4668-BE54-9A1E7A4F7556}") = "Sharpbrake.Http.Module", "src\Sharpbrake.Http.Module\Sharpbrake.Http.Module.csproj", "{0B41B1FC-44D5-42F3-8792-B783FCCA8198}"
EndProject
Project("{9A19103F-16F7-4668-BE54-9A1E7A4F7556}") = "Sharpbrake.NLog", "src\Sharpbrake.NLog\Sharpbrake.NLog.csproj", "{F411A561-9ADB-431B-97C9-2B994D11BB8D}"
EndProject
Project("{9A19103F-16F7-4668-BE54-9A1E7A4F7556}") = "Sharpbrake.Web", "src\Sharpbrake.Web\Sharpbrake.Web.csproj", "{63AC5695-E189-4C1E-A40B-EE4EF977E99B}"
EndProject
Project("{9A19103F-16F7-4668-BE54-9A1E7A4F7556}") = "Sharpbrake.NLog.Web", "src\Sharpbrake.NLog.Web\Sharpbrake.NLog.Web.csproj", "{96AA759B-ED52-4DD3-920E-E5B2A46301FD}"
EndProject
Project("{9A19103F-16F7-4668-BE54-9A1E7A4F7556}") = "Sharpbrake.Log4net", "src\Sharpbrake.Log4net\Sharpbrake.Log4net.csproj", "{6EE6132C-0C71-4638-AA06-587063050C4E}"
EndProject
Project("{9A19103F-16F7-4668-BE54-9A1E7A4F7556}") = "Sharpbrake.Log4net.Web", "src\Sharpbrake.Log4net.Web\Sharpbrake.Log4net.Web.csproj", "{A0D6B39E-CEC9-434E-96CE-AC9409FB9642}"
EndProject
Project("{9A19103F-16F7-4668-BE54-9A1E7A4F7556}") = "Sharpbrake.Extensions.Logging", "src\Sharpbrake.Extensions.Logging\Sharpbrake.Extensions.Logging.csproj", "{721B9F3E-CBC4-47E3-A16E-DC3ACC267C00}"
EndProject
Global
	GlobalSection(SolutionConfigurationPlatforms) = preSolution
		Debug|Any CPU = Debug|Any CPU
		Release|Any CPU = Release|Any CPU
	EndGlobalSection
	GlobalSection(ProjectConfigurationPlatforms) = postSolution
		{0BA2CC2E-DD85-4033-9803-08C4F233A352}.Debug|Any CPU.ActiveCfg = Debug|Any CPU
		{0BA2CC2E-DD85-4033-9803-08C4F233A352}.Debug|Any CPU.Build.0 = Debug|Any CPU
		{0BA2CC2E-DD85-4033-9803-08C4F233A352}.Release|Any CPU.ActiveCfg = Release|Any CPU
		{0BA2CC2E-DD85-4033-9803-08C4F233A352}.Release|Any CPU.Build.0 = Release|Any CPU
		{F0A51221-7FD4-4509-B9C0-54B102959060}.Debug|Any CPU.ActiveCfg = Debug|Any CPU
		{F0A51221-7FD4-4509-B9C0-54B102959060}.Debug|Any CPU.Build.0 = Debug|Any CPU
		{F0A51221-7FD4-4509-B9C0-54B102959060}.Release|Any CPU.ActiveCfg = Release|Any CPU
		{F0A51221-7FD4-4509-B9C0-54B102959060}.Release|Any CPU.Build.0 = Release|Any CPU
		{1846CBF6-2DB4-411F-9FB0-291252886A0A}.Debug|Any CPU.ActiveCfg = Debug|Any CPU
		{1846CBF6-2DB4-411F-9FB0-291252886A0A}.Debug|Any CPU.Build.0 = Debug|Any CPU
		{1846CBF6-2DB4-411F-9FB0-291252886A0A}.Release|Any CPU.ActiveCfg = Release|Any CPU
		{1846CBF6-2DB4-411F-9FB0-291252886A0A}.Release|Any CPU.Build.0 = Release|Any CPU
		{0B41B1FC-44D5-42F3-8792-B783FCCA8198}.Debug|Any CPU.ActiveCfg = Debug|Any CPU
		{0B41B1FC-44D5-42F3-8792-B783FCCA8198}.Debug|Any CPU.Build.0 = Debug|Any CPU
		{0B41B1FC-44D5-42F3-8792-B783FCCA8198}.Release|Any CPU.ActiveCfg = Release|Any CPU
		{0B41B1FC-44D5-42F3-8792-B783FCCA8198}.Release|Any CPU.Build.0 = Release|Any CPU
		{F411A561-9ADB-431B-97C9-2B994D11BB8D}.Debug|Any CPU.ActiveCfg = Debug|Any CPU
		{F411A561-9ADB-431B-97C9-2B994D11BB8D}.Debug|Any CPU.Build.0 = Debug|Any CPU
		{F411A561-9ADB-431B-97C9-2B994D11BB8D}.Release|Any CPU.ActiveCfg = Release|Any CPU
		{F411A561-9ADB-431B-97C9-2B994D11BB8D}.Release|Any CPU.Build.0 = Release|Any CPU
		{63AC5695-E189-4C1E-A40B-EE4EF977E99B}.Debug|Any CPU.ActiveCfg = Debug|Any CPU
		{63AC5695-E189-4C1E-A40B-EE4EF977E99B}.Debug|Any CPU.Build.0 = Debug|Any CPU
		{63AC5695-E189-4C1E-A40B-EE4EF977E99B}.Release|Any CPU.ActiveCfg = Release|Any CPU
		{63AC5695-E189-4C1E-A40B-EE4EF977E99B}.Release|Any CPU.Build.0 = Release|Any CPU
		{96AA759B-ED52-4DD3-920E-E5B2A46301FD}.Debug|Any CPU.ActiveCfg = Debug|Any CPU
		{96AA759B-ED52-4DD3-920E-E5B2A46301FD}.Debug|Any CPU.Build.0 = Debug|Any CPU
		{96AA759B-ED52-4DD3-920E-E5B2A46301FD}.Release|Any CPU.ActiveCfg = Release|Any CPU
		{96AA759B-ED52-4DD3-920E-E5B2A46301FD}.Release|Any CPU.Build.0 = Release|Any CPU
		{6EE6132C-0C71-4638-AA06-587063050C4E}.Debug|Any CPU.ActiveCfg = Debug|Any CPU
		{6EE6132C-0C71-4638-AA06-587063050C4E}.Debug|Any CPU.Build.0 = Debug|Any CPU
		{6EE6132C-0C71-4638-AA06-587063050C4E}.Release|Any CPU.ActiveCfg = Release|Any CPU
		{6EE6132C-0C71-4638-AA06-587063050C4E}.Release|Any CPU.Build.0 = Release|Any CPU
		{A0D6B39E-CEC9-434E-96CE-AC9409FB9642}.Debug|Any CPU.ActiveCfg = Debug|Any CPU
		{A0D6B39E-CEC9-434E-96CE-AC9409FB9642}.Debug|Any CPU.Build.0 = Debug|Any CPU
		{A0D6B39E-CEC9-434E-96CE-AC9409FB9642}.Release|Any CPU.ActiveCfg = Release|Any CPU
		{A0D6B39E-CEC9-434E-96CE-AC9409FB9642}.Release|Any CPU.Build.0 = Release|Any CPU
		{721B9F3E-CBC4-47E3-A16E-DC3ACC267C00}.Debug|Any CPU.ActiveCfg = Debug|Any CPU
		{721B9F3E-CBC4-47E3-A16E-DC3ACC267C00}.Debug|Any CPU.Build.0 = Debug|Any CPU
		{721B9F3E-CBC4-47E3-A16E-DC3ACC267C00}.Release|Any CPU.ActiveCfg = Release|Any CPU
		{721B9F3E-CBC4-47E3-A16E-DC3ACC267C00}.Release|Any CPU.Build.0 = Release|Any CPU
	EndGlobalSection
	GlobalSection(SolutionProperties) = preSolution
		HideSolutionNode = FALSE
	EndGlobalSection
	GlobalSection(NestedProjects) = preSolution
		{0BA2CC2E-DD85-4033-9803-08C4F233A352} = {08B9A68F-A5A7-4C42-AA22-77E68EC5AB59}
		{F0A51221-7FD4-4509-B9C0-54B102959060} = {1641F6AB-6B45-4E5B-8C0D-E5B304FAC0AB}
		{1846CBF6-2DB4-411F-9FB0-291252886A0A} = {08B9A68F-A5A7-4C42-AA22-77E68EC5AB59}
		{0B41B1FC-44D5-42F3-8792-B783FCCA8198} = {08B9A68F-A5A7-4C42-AA22-77E68EC5AB59}
		{F411A561-9ADB-431B-97C9-2B994D11BB8D} = {08B9A68F-A5A7-4C42-AA22-77E68EC5AB59}
		{63AC5695-E189-4C1E-A40B-EE4EF977E99B} = {08B9A68F-A5A7-4C42-AA22-77E68EC5AB59}
		{96AA759B-ED52-4DD3-920E-E5B2A46301FD} = {08B9A68F-A5A7-4C42-AA22-77E68EC5AB59}
		{6EE6132C-0C71-4638-AA06-587063050C4E} = {08B9A68F-A5A7-4C42-AA22-77E68EC5AB59}
		{A0D6B39E-CEC9-434E-96CE-AC9409FB9642} = {08B9A68F-A5A7-4C42-AA22-77E68EC5AB59}
		{721B9F3E-CBC4-47E3-A16E-DC3ACC267C00} = {08B9A68F-A5A7-4C42-AA22-77E68EC5AB59}
	EndGlobalSection
	GlobalSection(ExtensibilityGlobals) = postSolution
		SolutionGuid = {E0BB6039-929E-4FF5-8E6A-BC6D9A6858C5}
	EndGlobalSection
EndGlobal
