
Microsoft Visual Studio Solution File, Format Version 12.00
# Visual Studio 14
VisualStudioVersion = 14.0.25420.1
MinimumVisualStudioVersion = 10.0.40219.1
Project("{FAE04EC0-301F-11D3-BF4B-00C04F79EFBC}") = "Sharpbrake.Client_Net35", "Sharpbrake.Client_Net35\Sharpbrake.Client_Net35.csproj", "{D86A2407-158C-4212-9BF7-4FCD2FCE9E84}"
EndProject
Project("{FAE04EC0-301F-11D3-BF4B-00C04F79EFBC}") = "Sharpbrake.Client_Net45", "Sharpbrake.Client_Net45\Sharpbrake.Client_Net45.csproj", "{35C68D0C-BC1D-4DA3-B8DA-2843C59696A7}"
EndProject
Project("{FAE04EC0-301F-11D3-BF4B-00C04F79EFBC}") = "Sharpbrake.Client_NetCore", "Sharpbrake.Client_NetCore\Sharpbrake.Client_NetCore.csproj", "{C26B0E49-E796-43CE-981E-39EA4A75258B}"
EndProject
Global
	GlobalSection(SolutionConfigurationPlatforms) = preSolution
		Debug|Any CPU = Debug|Any CPU
		Release|Any CPU = Release|Any CPU
	EndGlobalSection
	GlobalSection(ProjectConfigurationPlatforms) = postSolution
		{D86A2407-158C-4212-9BF7-4FCD2FCE9E84}.Debug|Any CPU.ActiveCfg = Debug|Any CPU
		{D86A2407-158C-4212-9BF7-4FCD2FCE9E84}.Debug|Any CPU.Build.0 = Debug|Any CPU
		{D86A2407-158C-4212-9BF7-4FCD2FCE9E84}.Release|Any CPU.ActiveCfg = Release|Any CPU
		{D86A2407-158C-4212-9BF7-4FCD2FCE9E84}.Release|Any CPU.Build.0 = Release|Any CPU
		{35C68D0C-BC1D-4DA3-B8DA-2843C59696A7}.Debug|Any CPU.ActiveCfg = Debug|Any CPU
		{35C68D0C-BC1D-4DA3-B8DA-2843C59696A7}.Debug|Any CPU.Build.0 = Debug|Any CPU
		{35C68D0C-BC1D-4DA3-B8DA-2843C59696A7}.Release|Any CPU.ActiveCfg = Release|Any CPU
		{35C68D0C-BC1D-4DA3-B8DA-2843C59696A7}.Release|Any CPU.Build.0 = Release|Any CPU
		{C26B0E49-E796-43CE-981E-39EA4A75258B}.Debug|Any CPU.ActiveCfg = Debug|Any CPU
		{C26B0E49-E796-43CE-981E-39EA4A75258B}.Debug|Any CPU.Build.0 = Debug|Any CPU
		{C26B0E49-E796-43CE-981E-39EA4A75258B}.Release|Any CPU.ActiveCfg = Release|Any CPU
		{C26B0E49-E796-43CE-981E-39EA4A75258B}.Release|Any CPU.Build.0 = Release|Any CPU
	EndGlobalSection
	GlobalSection(SolutionProperties) = preSolution
		HideSolutionNode = FALSE
	EndGlobalSection
EndGlobal
