
Microsoft Visual Studio Solution File, Format Version 12.00
# Visual Studio 15
VisualStudioVersion = 15.0.26430.13
MinimumVisualStudioVersion = 10.0.40219.1
Project("{FAE04EC0-301F-11D3-BF4B-00C04F79EFBC}") = "ConsoleApp", "ConsoleApp\ConsoleApp.csproj", "{BD12E07E-B8B2-4877-A6DF-1156DF03C26D}"
EndProject
Project("{FAE04EC0-301F-11D3-BF4B-00C04F79EFBC}") = "WebApp.Module", "WebApp.Module\WebApp.Module.csproj", "{18E22BFF-53CE-42FD-8B22-08F429C8945F}"
EndProject
Project("{FAE04EC0-301F-11D3-BF4B-00C04F79EFBC}") = "WebApp.Middleware", "WebApp.Middleware\WebApp.Middleware.csproj", "{D836DC72-160A-4494-8B32-08F3630F122A}"
EndProject
Global
	GlobalSection(SolutionConfigurationPlatforms) = preSolution
		Debug|Any CPU = Debug|Any CPU
		Release|Any CPU = Release|Any CPU
	EndGlobalSection
	GlobalSection(ProjectConfigurationPlatforms) = postSolution
		{BD12E07E-B8B2-4877-A6DF-1156DF03C26D}.Debug|Any CPU.ActiveCfg = Debug|Any CPU
		{BD12E07E-B8B2-4877-A6DF-1156DF03C26D}.Debug|Any CPU.Build.0 = Debug|Any CPU
		{BD12E07E-B8B2-4877-A6DF-1156DF03C26D}.Release|Any CPU.ActiveCfg = Release|Any CPU
		{BD12E07E-B8B2-4877-A6DF-1156DF03C26D}.Release|Any CPU.Build.0 = Release|Any CPU
		{18E22BFF-53CE-42FD-8B22-08F429C8945F}.Debug|Any CPU.ActiveCfg = Debug|Any CPU
		{18E22BFF-53CE-42FD-8B22-08F429C8945F}.Debug|Any CPU.Build.0 = Debug|Any CPU
		{18E22BFF-53CE-42FD-8B22-08F429C8945F}.Release|Any CPU.ActiveCfg = Release|Any CPU
		{18E22BFF-53CE-42FD-8B22-08F429C8945F}.Release|Any CPU.Build.0 = Release|Any CPU
		{D836DC72-160A-4494-8B32-08F3630F122A}.Debug|Any CPU.ActiveCfg = Debug|Any CPU
		{D836DC72-160A-4494-8B32-08F3630F122A}.Debug|Any CPU.Build.0 = Debug|Any CPU
		{D836DC72-160A-4494-8B32-08F3630F122A}.Release|Any CPU.ActiveCfg = Release|Any CPU
		{D836DC72-160A-4494-8B32-08F3630F122A}.Release|Any CPU.Build.0 = Release|Any CPU
	EndGlobalSection
	GlobalSection(SolutionProperties) = preSolution
		HideSolutionNode = FALSE
	EndGlobalSection
EndGlobal
