
Microsoft Visual Studio Solution File, Format Version 12.00
# Visual Studio 2012
Project("{2150E333-8FDC-42A3-9474-1A3956D46DE8}") = "Core", "Core", "{D5D6C540-2F8B-4766-A9F6-75715A8E6F26}"
EndProject
Project("{2150E333-8FDC-42A3-9474-1A3956D46DE8}") = "Tests", "Tests", "{B72B5556-3CA1-400F-9205-B28CB5B0E6D5}"
EndProject
Project("{2150E333-8FDC-42A3-9474-1A3956D46DE8}") = ".nuget", ".nuget", "{5D42745D-106E-4A67-808C-B5A2A75F82E4}"
	ProjectSection(SolutionItems) = preProject
		.nuget\NuGet.Config = .nuget\NuGet.Config
		.nuget\NuGet.exe = .nuget\NuGet.exe
		.nuget\NuGet.targets = .nuget\NuGet.targets
	EndProjectSection
EndProject
Project("{FAE04EC0-301F-11D3-BF4B-00C04F79EFBC}") = "SharpBrake.2010", "app\SharpBrake\SharpBrake.2010.csproj", "{EE7CE02E-3CA9-4D01-8D57-E98911466B44}"
EndProject
Project("{FAE04EC0-301F-11D3-BF4B-00C04F79EFBC}") = "Tests.2010", "tests\Tests\Tests.2010.csproj", "{9D9863D8-EDB6-4B34-94C1-3894B00EBF97}"
EndProject
Project("{FAE04EC0-301F-11D3-BF4B-00C04F79EFBC}") = "WebFormsApp.2010", "tests\WebFormsApp\WebFormsApp.2010.csproj", "{91EFAC45-916F-46D5-B96D-5C7F186DE3CE}"
EndProject
Project("{FAE04EC0-301F-11D3-BF4B-00C04F79EFBC}") = "MvcApp", "tests\MvcApp\MvcApp.csproj", "{FD358339-DAF6-4276-A43C-32BAB831562D}"
EndProject
Global
	GlobalSection(SolutionConfigurationPlatforms) = preSolution
		Debug|Any CPU = Debug|Any CPU
		Release|Any CPU = Release|Any CPU
	EndGlobalSection
	GlobalSection(ProjectConfigurationPlatforms) = postSolution
		{EE7CE02E-3CA9-4D01-8D57-E98911466B44}.Debug|Any CPU.ActiveCfg = Debug|Any CPU
		{EE7CE02E-3CA9-4D01-8D57-E98911466B44}.Debug|Any CPU.Build.0 = Debug|Any CPU
		{EE7CE02E-3CA9-4D01-8D57-E98911466B44}.Release|Any CPU.ActiveCfg = Release|Any CPU
		{EE7CE02E-3CA9-4D01-8D57-E98911466B44}.Release|Any CPU.Build.0 = Release|Any CPU
		{9D9863D8-EDB6-4B34-94C1-3894B00EBF97}.Debug|Any CPU.ActiveCfg = Debug|Any CPU
		{9D9863D8-EDB6-4B34-94C1-3894B00EBF97}.Debug|Any CPU.Build.0 = Debug|Any CPU
		{9D9863D8-EDB6-4B34-94C1-3894B00EBF97}.Release|Any CPU.ActiveCfg = Release|Any CPU
		{9D9863D8-EDB6-4B34-94C1-3894B00EBF97}.Release|Any CPU.Build.0 = Release|Any CPU
		{91EFAC45-916F-46D5-B96D-5C7F186DE3CE}.Debug|Any CPU.ActiveCfg = Debug|Any CPU
		{91EFAC45-916F-46D5-B96D-5C7F186DE3CE}.Debug|Any CPU.Build.0 = Debug|Any CPU
		{91EFAC45-916F-46D5-B96D-5C7F186DE3CE}.Release|Any CPU.ActiveCfg = Release|Any CPU
		{91EFAC45-916F-46D5-B96D-5C7F186DE3CE}.Release|Any CPU.Build.0 = Release|Any CPU
		{FD358339-DAF6-4276-A43C-32BAB831562D}.Debug|Any CPU.ActiveCfg = Debug|Any CPU
		{FD358339-DAF6-4276-A43C-32BAB831562D}.Debug|Any CPU.Build.0 = Debug|Any CPU
		{FD358339-DAF6-4276-A43C-32BAB831562D}.Release|Any CPU.ActiveCfg = Release|Any CPU
		{FD358339-DAF6-4276-A43C-32BAB831562D}.Release|Any CPU.Build.0 = Release|Any CPU
	EndGlobalSection
	GlobalSection(SolutionProperties) = preSolution
		HideSolutionNode = FALSE
	EndGlobalSection
	GlobalSection(NestedProjects) = preSolution
		{EE7CE02E-3CA9-4D01-8D57-E98911466B44} = {D5D6C540-2F8B-4766-A9F6-75715A8E6F26}
		{9D9863D8-EDB6-4B34-94C1-3894B00EBF97} = {B72B5556-3CA1-400F-9205-B28CB5B0E6D5}
		{91EFAC45-916F-46D5-B96D-5C7F186DE3CE} = {B72B5556-3CA1-400F-9205-B28CB5B0E6D5}
		{FD358339-DAF6-4276-A43C-32BAB831562D} = {B72B5556-3CA1-400F-9205-B28CB5B0E6D5}
	EndGlobalSection
EndGlobal
