
Microsoft Visual Studio Solution File, Format Version 12.00
# Visual Studio 15
VisualStudioVersion = 15.0.26430.6
MinimumVisualStudioVersion = 10.0.40219.1
Project("{2150E333-8FDC-42A3-9474-1A3956D46DE8}") = "src", "src", "{AE2C7F28-9C5B-4E95-A401-EA1DBA836D23}"
EndProject
Project("{2150E333-8FDC-42A3-9474-1A3956D46DE8}") = "test", "test", "{D8370B0C-156E-4C49-807B-61DAF10BF3DD}"
EndProject
Project("{FAE04EC0-301F-11D3-BF4B-00C04F79EFBC}") = "Sharpbrake.Client", "src\Sharpbrake.Client\Sharpbrake.Client.csproj", "{7358E730-D2BC-4ECB-9654-417D05D7B7A9}"
EndProject
Project("{FAE04EC0-301F-11D3-BF4B-00C04F79EFBC}") = "Sharpbrake.Client.Tests", "test\Sharpbrake.Client.Tests\Sharpbrake.Client.Tests.csproj", "{5C56CE78-5386-4F8D-BFB4-8476707A3F47}"
EndProject
Project("{FAE04EC0-301F-11D3-BF4B-00C04F79EFBC}") = "Sharpbrake.Http.Module", "src\Sharpbrake.Http.Module\Sharpbrake.Http.Module.csproj", "{B55C81AF-43D0-4835-9210-EC93C8409065}"
EndProject
Global
	GlobalSection(SolutionConfigurationPlatforms) = preSolution
		Debug|Any CPU = Debug|Any CPU
		Release|Any CPU = Release|Any CPU
	EndGlobalSection
	GlobalSection(ProjectConfigurationPlatforms) = postSolution
		{7358E730-D2BC-4ECB-9654-417D05D7B7A9}.Debug|Any CPU.ActiveCfg = Debug|Any CPU
		{7358E730-D2BC-4ECB-9654-417D05D7B7A9}.Debug|Any CPU.Build.0 = Debug|Any CPU
		{7358E730-D2BC-4ECB-9654-417D05D7B7A9}.Release|Any CPU.ActiveCfg = Release|Any CPU
		{7358E730-D2BC-4ECB-9654-417D05D7B7A9}.Release|Any CPU.Build.0 = Release|Any CPU
		{5C56CE78-5386-4F8D-BFB4-8476707A3F47}.Debug|Any CPU.ActiveCfg = Debug|Any CPU
		{5C56CE78-5386-4F8D-BFB4-8476707A3F47}.Debug|Any CPU.Build.0 = Debug|Any CPU
		{5C56CE78-5386-4F8D-BFB4-8476707A3F47}.Release|Any CPU.ActiveCfg = Release|Any CPU
		{5C56CE78-5386-4F8D-BFB4-8476707A3F47}.Release|Any CPU.Build.0 = Release|Any CPU
		{B55C81AF-43D0-4835-9210-EC93C8409065}.Debug|Any CPU.ActiveCfg = Debug|Any CPU
		{B55C81AF-43D0-4835-9210-EC93C8409065}.Debug|Any CPU.Build.0 = Debug|Any CPU
		{B55C81AF-43D0-4835-9210-EC93C8409065}.Release|Any CPU.ActiveCfg = Release|Any CPU
		{B55C81AF-43D0-4835-9210-EC93C8409065}.Release|Any CPU.Build.0 = Release|Any CPU
	EndGlobalSection
	GlobalSection(SolutionProperties) = preSolution
		HideSolutionNode = FALSE
	EndGlobalSection
	GlobalSection(NestedProjects) = preSolution
		{7358E730-D2BC-4ECB-9654-417D05D7B7A9} = {AE2C7F28-9C5B-4E95-A401-EA1DBA836D23}
		{5C56CE78-5386-4F8D-BFB4-8476707A3F47} = {D8370B0C-156E-4C49-807B-61DAF10BF3DD}
		{B55C81AF-43D0-4835-9210-EC93C8409065} = {AE2C7F28-9C5B-4E95-A401-EA1DBA836D23}
	EndGlobalSection
EndGlobal
